
Microsoft Visual Studio Solution File, Format Version 12.00
# Visual Studio Version 17
VisualStudioVersion = 17.0.31919.166
MinimumVisualStudioVersion = 10.0.40219.1
Project("{9A19103F-16F7-4668-BE54-9A1E7A4F7556}") = "EdabitTests2", "EdabitTests2\EdabitTests2.csproj", "{1E81BC09-6544-48C5-BAAE-64FF39C61239}"
EndProject
Project("{2150E333-8FDC-42A3-9474-1A3956D46DE8}") = "Solution Items", "Solution Items", "{3AC029F6-4CAD-439E-BCD7-1294F5A6C023}"
	ProjectSection(SolutionItems) = preProject
		.editorconfig = .editorconfig
	EndProjectSection
EndProject
Global
	GlobalSection(SolutionConfigurationPlatforms) = preSolution
		Debug|Any CPU = Debug|Any CPU
		Release|Any CPU = Release|Any CPU
	EndGlobalSection
	GlobalSection(ProjectConfigurationPlatforms) = postSolution
		{1E81BC09-6544-48C5-BAAE-64FF39C61239}.Debug|Any CPU.ActiveCfg = Debug|x64
		{1E81BC09-6544-48C5-BAAE-64FF39C61239}.Debug|Any CPU.Build.0 = Debug|x64
		{1E81BC09-6544-48C5-BAAE-64FF39C61239}.Release|Any CPU.ActiveCfg = Release|Any CPU
		{1E81BC09-6544-48C5-BAAE-64FF39C61239}.Release|Any CPU.Build.0 = Release|Any CPU
	EndGlobalSection
	GlobalSection(SolutionProperties) = preSolution
		HideSolutionNode = FALSE
	EndGlobalSection
	GlobalSection(ExtensibilityGlobals) = postSolution
		SolutionGuid = {58C5881D-3BE1-4E47-A449-5BF8489A80AF}
	EndGlobalSection
EndGlobal
